{
  "name": "Git_BI",
  "lockfileVersion": 2,
  "requires": true,
  "packages": {
    "": {
      "dependencies": {
        "echarts": "^4.2.1",
        "jquery": "^3.7.1",
        "swiper": "^11.1.15"
      }
    },
    "node_modules/echarts": {
      "version": "4.2.1",
      "resolved": "https://registry.npmmirror.com/echarts/-/echarts-4.2.1.tgz",
      "integrity": "sha512-pw4xScRPsLegD/cqEcoXRKeA2SD4+s+Kyo0Na166NamOWhzNl2yI5RZ2rE97tBlAopNmhyMeBVpAeD5qb+ee1A==",
      "dependencies": {
        "zrender": "4.0.7"
      }
    },
    "node_modules/jquery": {
      "version": "3.7.1",
      "resolved": "https://registry.npmmirror.com/jquery/-/jquery-3.7.1.tgz",
      "integrity": "sha512-m4avr8yL8kmFN8psrbFFFmB/If14iN5o9nw/NgnnM+kybDJpRsAynV2BsfpTYrTRysYUdADVD7CkUUizgkpLfg=="
    },
    "node_modules/swiper": {
      "version": "11.1.15",
      "resolved": "https://registry.npmmirror.com/swiper/-/swiper-11.1.15.tgz",
      "integrity": "sha512-IzWeU34WwC7gbhjKsjkImTuCRf+lRbO6cnxMGs88iVNKDwV+xQpBCJxZ4bNH6gSrIbbyVJ1kuGzo3JTtz//CBw==",
      "funding": [
        {
          "type": "patreon",
          "url": "https://www.patreon.com/swiperjs"
        },
        {
          "type": "open_collective",
          "url": "http://opencollective.com/swiper"
        }
      ],
      "license": "MIT",
      "engines": {
        "node": ">= 4.7.0"
      }
    },
    "node_modules/zrender": {
      "version": "4.0.7",
      "resolved": "https://registry.npmmirror.com/zrender/-/zrender-4.0.7.tgz",
      "integrity": "sha512-TNloHe0ums6zxbHfnaCryM61J4IWDajZwNq6dHk9vfWhhysO/OeFvvR0drBs/nbXha2YxSzfQj2FiCd6RVBe+Q=="
    }
  },
  "dependencies": {
    "echarts": {
      "version": "4.2.1",
      "resolved": "https://registry.npmmirror.com/echarts/-/echarts-4.2.1.tgz",
      "integrity": "sha512-pw4xScRPsLegD/cqEcoXRKeA2SD4+s+Kyo0Na166NamOWhzNl2yI5RZ2rE97tBlAopNmhyMeBVpAeD5qb+ee1A==",
      "requires": {
        "zrender": "4.0.7"
      }
    },
    "jquery": {
      "version": "3.7.1",
      "resolved": "https://registry.npmmirror.com/jquery/-/jquery-3.7.1.tgz",
      "integrity": "sha512-m4avr8yL8kmFN8psrbFFFmB/If14iN5o9nw/NgnnM+kybDJpRsAynV2BsfpTYrTRysYUdADVD7CkUUizgkpLfg=="
    },
    "swiper": {
      "version": "11.1.15",
      "resolved": "https://registry.npmmirror.com/swiper/-/swiper-11.1.15.tgz",
      "integrity": "sha512-IzWeU34WwC7gbhjKsjkImTuCRf+lRbO6cnxMGs88iVNKDwV+xQpBCJxZ4bNH6gSrIbbyVJ1kuGzo3JTtz//CBw=="
    },
    "zrender": {
      "version": "4.0.7",
      "resolved": "https://registry.npmmirror.com/zrender/-/zrender-4.0.7.tgz",
      "integrity": "sha512-TNloHe0ums6zxbHfnaCryM61J4IWDajZwNq6dHk9vfWhhysO/OeFvvR0drBs/nbXha2YxSzfQj2FiCd6RVBe+Q=="
    }
  }
}
